// !$*UTF8*$!
{
	archiveVersion = 1;
	classes = {
	};
	objectVersion = 55;
	objects = {

/* Begin PBXBuildFile section */
		8E078A3727C779F30087DDC7 /* Item+CoreDataClass.swift in Sources */ = {isa = PBXBuildFile; fileRef = 8E078A3527C779F30087DDC7 /* Item+CoreDataClass.swift */; };
		8E078A3827C779F30087DDC7 /* Item+CoreDataProperties.swift in Sources */ = {isa = PBXBuildFile; fileRef = 8E078A3627C779F30087DDC7 /* Item+CoreDataProperties.swift */; };
		8E1F865927EDF560001CDE2F /* DismissButtonComponent.swift in Sources */ = {isa = PBXBuildFile; fileRef = 8E1F865827EDF560001CDE2F /* DismissButtonComponent.swift */; };
		8E31170A27DBBBAF0036355C /* StepperComponent.swift in Sources */ = {isa = PBXBuildFile; fileRef = 8E31170927DBBBAF0036355C /* StepperComponent.swift */; };
		8E353ED027C1328D0034B2D6 /* HideKeyboardExtension.swift in Sources */ = {isa = PBXBuildFile; fileRef = 8E353ECF27C1328D0034B2D6 /* HideKeyboardExtension.swift */; };
		8E353ED227C141920034B2D6 /* NewTaskItemView.swift in Sources */ = {isa = PBXBuildFile; fileRef = 8E353ED127C141920034B2D6 /* NewTaskItemView.swift */; };
		8E61BCCF27C0E06D002FA3D9 /* StimaCoreApp.swift in Sources */ = {isa = PBXBuildFile; fileRef = 8E61BCCE27C0E06D002FA3D9 /* StimaCoreApp.swift */; };
		8E61BCD127C0E06D002FA3D9 /* ContentView.swift in Sources */ = {isa = PBXBuildFile; fileRef = 8E61BCD027C0E06D002FA3D9 /* ContentView.swift */; };
		8E61BCD327C0E06F002FA3D9 /* Assets.xcassets in Resources */ = {isa = PBXBuildFile; fileRef = 8E61BCD227C0E06F002FA3D9 /* Assets.xcassets */; };
		8E61BCD627C0E06F002FA3D9 /* Preview Assets.xcassets in Resources */ = {isa = PBXBuildFile; fileRef = 8E61BCD527C0E06F002FA3D9 /* Preview Assets.xcassets */; };
		8E61BCD827C0E06F002FA3D9 /* Persistence.swift in Sources */ = {isa = PBXBuildFile; fileRef = 8E61BCD727C0E06F002FA3D9 /* Persistence.swift */; };
		8E61BCDB27C0E06F002FA3D9 /* StimaCore.xcdatamodeld in Sources */ = {isa = PBXBuildFile; fileRef = 8E61BCD927C0E06F002FA3D9 /* StimaCore.xcdatamodeld */; };
		8E61BCE727C0F7C9002FA3D9 /* Constant.swift in Sources */ = {isa = PBXBuildFile; fileRef = 8E61BCE627C0F7C9002FA3D9 /* Constant.swift */; };
		8E62EAE827EA42B500243986 /* SliderEnergyComponentView.swift in Sources */ = {isa = PBXBuildFile; fileRef = 8E62EAE727EA42B500243986 /* SliderEnergyComponentView.swift */; };
		8E7007B127C294B300B66886 /* StartValueView.swift in Sources */ = {isa = PBXBuildFile; fileRef = 8E7007B027C294B300B66886 /* StartValueView.swift */; };
		8E726029280993AC00D72572 /* PageTextComponentView.swift in Sources */ = {isa = PBXBuildFile; fileRef = 8E726028280993AC00D72572 /* PageTextComponentView.swift */; };
		8E83CB8A288D9543005C0AB9 /* SliderUbicationComponentView.swift in Sources */ = {isa = PBXBuildFile; fileRef = 8E83CB89288D9543005C0AB9 /* SliderUbicationComponentView.swift */; };
		8E83CB8C288D9A4D005C0AB9 /* SliderExpoComponentView.swift in Sources */ = {isa = PBXBuildFile; fileRef = 8E83CB8B288D9A4D005C0AB9 /* SliderExpoComponentView.swift */; };
		8E83CB8E288D9CFF005C0AB9 /* SliderAccessComponentView.swift in Sources */ = {isa = PBXBuildFile; fileRef = 8E83CB8D288D9CFF005C0AB9 /* SliderAccessComponentView.swift */; };
		8E8E4E1F27C93D030081CA5A /* ConservationValueView.swift in Sources */ = {isa = PBXBuildFile; fileRef = 8E8E4E1E27C93D030081CA5A /* ConservationValueView.swift */; };
		8E8E4E2127C94D5C0081CA5A /* PositionView.swift in Sources */ = {isa = PBXBuildFile; fileRef = 8E8E4E2027C94D5C0081CA5A /* PositionView.swift */; };
		8E9025C727EC5ADB009E4BBD /* BarrierBadgeComponent.swift in Sources */ = {isa = PBXBuildFile; fileRef = 8E9025C627EC5ADB009E4BBD /* BarrierBadgeComponent.swift */; };
		8E9025C927EC5DD3009E4BBD /* SliderBarrierComponent.swift in Sources */ = {isa = PBXBuildFile; fileRef = 8E9025C827EC5DD3009E4BBD /* SliderBarrierComponent.swift */; };
		8EA0889F292240480022A323 /* SliderNewComponentView.swift in Sources */ = {isa = PBXBuildFile; fileRef = 8EA0889E292240480022A323 /* SliderNewComponentView.swift */; };
		8EA352D227DCA7E400CD8BDD /* ControlsView.swift in Sources */ = {isa = PBXBuildFile; fileRef = 8EA352D127DCA7E400CD8BDD /* ControlsView.swift */; };
		8EA769D628005051000A55E9 /* ReportViewTwo.swift in Sources */ = {isa = PBXBuildFile; fileRef = 8EA769D528005050000A55E9 /* ReportViewTwo.swift */; };
		8EA769D82800508A000A55E9 /* ImporterTwo.swift in Sources */ = {isa = PBXBuildFile; fileRef = 8EA769D728005089000A55E9 /* ImporterTwo.swift */; };
		8EAF72CE27C14DC40005AF09 /* BlankView.swift in Sources */ = {isa = PBXBuildFile; fileRef = 8EAF72CD27C14DC40005AF09 /* BlankView.swift */; };
		8EC231A327C184010084C400 /* ListRowItemView.swift in Sources */ = {isa = PBXBuildFile; fileRef = 8EC231A227C184010084C400 /* ListRowItemView.swift */; };
		8EC231A727C18A080084C400 /* CheckboxStyle.swift in Sources */ = {isa = PBXBuildFile; fileRef = 8EC231A627C18A080084C400 /* CheckboxStyle.swift */; };
		8EC231A927C18D570084C400 /* DetailView.swift in Sources */ = {isa = PBXBuildFile; fileRef = 8EC231A827C18D570084C400 /* DetailView.swift */; };
		8EC50F1C27E52B7D00EA4BD6 /* HouseComponent.swift in Sources */ = {isa = PBXBuildFile; fileRef = 8EC50F1B27E52B7D00EA4BD6 /* HouseComponent.swift */; };
		8EC7C61028BA0808003A2C30 /* CreditsComponentView.swift in Sources */ = {isa = PBXBuildFile; fileRef = 8EC7C60F28BA0808003A2C30 /* CreditsComponentView.swift */; };
		8EC7C61228BA09BE003A2C30 /* CreditView.swift in Sources */ = {isa = PBXBuildFile; fileRef = 8EC7C61128BA09BE003A2C30 /* CreditView.swift */; };
		8EEC5CE027DB3D2000FB3057 /* SliderTransformComponentView.swift in Sources */ = {isa = PBXBuildFile; fileRef = 8EEC5CDF27DB3D2000FB3057 /* SliderTransformComponentView.swift */; };
		8EEE17C627CCEA0F007B4944 /* SoundPlayer.swift in Sources */ = {isa = PBXBuildFile; fileRef = 8EEE17C527CCEA0F007B4944 /* SoundPlayer.swift */; };
		8EEE17CA27CCEBBC007B4944 /* sound-rise.mp3 in Resources */ = {isa = PBXBuildFile; fileRef = 8EEE17C727CCEBBC007B4944 /* sound-rise.mp3 */; };
		8EEE17CB27CCEBBC007B4944 /* sound-tap.mp3 in Resources */ = {isa = PBXBuildFile; fileRef = 8EEE17C827CCEBBC007B4944 /* sound-tap.mp3 */; };
		8EEE17CC27CCEBBC007B4944 /* sound-ding.mp3 in Resources */ = {isa = PBXBuildFile; fileRef = 8EEE17C927CCEBBC007B4944 /* sound-ding.mp3 */; };
		8EF1575D27EB19060033196E /* SliderSismaComponent.swift in Sources */ = {isa = PBXBuildFile; fileRef = 8EF1575C27EB19060033196E /* SliderSismaComponent.swift */; };
		8EF1575F27EB1C530033196E /* BadgeSismaComponent.swift in Sources */ = {isa = PBXBuildFile; fileRef = 8EF1575E27EB1C530033196E /* BadgeSismaComponent.swift */; };
		8EF15BB827E1D35100C4B447 /* CertificationView.swift in Sources */ = {isa = PBXBuildFile; fileRef = 8EF15BB727E1D35100C4B447 /* CertificationView.swift */; };
		8EF15BBA27E225A400C4B447 /* SliderConservationComponent.swift in Sources */ = {isa = PBXBuildFile; fileRef = 8EF15BB927E225A400C4B447 /* SliderConservationComponent.swift */; };
		8EF15BBC27E24AD600C4B447 /* ButtonComponent.swift in Sources */ = {isa = PBXBuildFile; fileRef = 8EF15BBB27E24AD600C4B447 /* ButtonComponent.swift */; };
/* End PBXBuildFile section */

/* Begin PBXFileReference section */
		8E078A3527C779F30087DDC7 /* Item+CoreDataClass.swift */ = {isa = PBXFileReference; lastKnownFileType = sourcecode.swift; path = "Item+CoreDataClass.swift"; sourceTree = "<group>"; };
		8E078A3627C779F30087DDC7 /* Item+CoreDataProperties.swift */ = {isa = PBXFileReference; lastKnownFileType = sourcecode.swift; path = "Item+CoreDataProperties.swift"; sourceTree = "<group>"; };
		8E1F865827EDF560001CDE2F /* DismissButtonComponent.swift */ = {isa = PBXFileReference; lastKnownFileType = sourcecode.swift; path = DismissButtonComponent.swift; sourceTree = "<group>"; };
		8E31170927DBBBAF0036355C /* StepperComponent.swift */ = {isa = PBXFileReference; lastKnownFileType = sourcecode.swift; path = StepperComponent.swift; sourceTree = "<group>"; };
		8E353ECF27C1328D0034B2D6 /* HideKeyboardExtension.swift */ = {isa = PBXFileReference; lastKnownFileType = sourcecode.swift; path = HideKeyboardExtension.swift; sourceTree = "<group>"; };
		8E353ED127C141920034B2D6 /* NewTaskItemView.swift */ = {isa = PBXFileReference; lastKnownFileType = sourcecode.swift; path = NewTaskItemView.swift; sourceTree = "<group>"; };
		8E61BCCB27C0E06D002FA3D9 /* StimaCore.app */ = {isa = PBXFileReference; explicitFileType = wrapper.application; includeInIndex = 0; path = StimaCore.app; sourceTree = BUILT_PRODUCTS_DIR; };
		8E61BCCE27C0E06D002FA3D9 /* StimaCoreApp.swift */ = {isa = PBXFileReference; lastKnownFileType = sourcecode.swift; path = StimaCoreApp.swift; sourceTree = "<group>"; };
		8E61BCD027C0E06D002FA3D9 /* ContentView.swift */ = {isa = PBXFileReference; lastKnownFileType = sourcecode.swift; path = ContentView.swift; sourceTree = "<group>"; };
		8E61BCD227C0E06F002FA3D9 /* Assets.xcassets */ = {isa = PBXFileReference; lastKnownFileType = folder.assetcatalog; path = Assets.xcassets; sourceTree = "<group>"; };
		8E61BCD527C0E06F002FA3D9 /* Preview Assets.xcassets */ = {isa = PBXFileReference; lastKnownFileType = folder.assetcatalog; path = "Preview Assets.xcassets"; sourceTree = "<group>"; };
		8E61BCD727C0E06F002FA3D9 /* Persistence.swift */ = {isa = PBXFileReference; lastKnownFileType = sourcecode.swift; path = Persistence.swift; sourceTree = "<group>"; };
		8E61BCDA27C0E06F002FA3D9 /* StimaCore.xcdatamodel */ = {isa = PBXFileReference; lastKnownFileType = wrapper.xcdatamodel; path = StimaCore.xcdatamodel; sourceTree = "<group>"; };
		8E61BCE627C0F7C9002FA3D9 /* Constant.swift */ = {isa = PBXFileReference; lastKnownFileType = sourcecode.swift; path = Constant.swift; sourceTree = "<group>"; };
		8E62EAE727EA42B500243986 /* SliderEnergyComponentView.swift */ = {isa = PBXFileReference; lastKnownFileType = sourcecode.swift; path = SliderEnergyComponentView.swift; sourceTree = "<group>"; };
		8E7007B027C294B300B66886 /* StartValueView.swift */ = {isa = PBXFileReference; lastKnownFileType = sourcecode.swift; path = StartValueView.swift; sourceTree = "<group>"; };
		8E726028280993AC00D72572 /* PageTextComponentView.swift */ = {isa = PBXFileReference; lastKnownFileType = sourcecode.swift; path = PageTextComponentView.swift; sourceTree = "<group>"; };
		8E79728C27D9043800F13709 /* Info.plist */ = {isa = PBXFileReference; lastKnownFileType = text.plist; path = Info.plist; sourceTree = "<group>"; };
		8E83CB89288D9543005C0AB9 /* SliderUbicationComponentView.swift */ = {isa = PBXFileReference; lastKnownFileType = sourcecode.swift; path = SliderUbicationComponentView.swift; sourceTree = "<group>"; };
		8E83CB8B288D9A4D005C0AB9 /* SliderExpoComponentView.swift */ = {isa = PBXFileReference; lastKnownFileType = sourcecode.swift; path = SliderExpoComponentView.swift; sourceTree = "<group>"; };
		8E83CB8D288D9CFF005C0AB9 /* SliderAccessComponentView.swift */ = {isa = PBXFileReference; lastKnownFileType = sourcecode.swift; path = SliderAccessComponentView.swift; sourceTree = "<group>"; };
		8E8E4E1E27C93D030081CA5A /* ConservationValueView.swift */ = {isa = PBXFileReference; lastKnownFileType = sourcecode.swift; path = ConservationValueView.swift; sourceTree = "<group>"; };
		8E8E4E2027C94D5C0081CA5A /* PositionView.swift */ = {isa = PBXFileReference; lastKnownFileType = sourcecode.swift; path = PositionView.swift; sourceTree = "<group>"; };
		8E9025C627EC5ADB009E4BBD /* BarrierBadgeComponent.swift */ = {isa = PBXFileReference; lastKnownFileType = sourcecode.swift; path = BarrierBadgeComponent.swift; sourceTree = "<group>"; };
		8E9025C827EC5DD3009E4BBD /* SliderBarrierComponent.swift */ = {isa = PBXFileReference; lastKnownFileType = sourcecode.swift; path = SliderBarrierComponent.swift; sourceTree = "<group>"; };
		8EA0889E292240480022A323 /* SliderNewComponentView.swift */ = {isa = PBXFileReference; lastKnownFileType = sourcecode.swift; path = SliderNewComponentView.swift; sourceTree = "<group>"; };
		8EA352D127DCA7E400CD8BDD /* ControlsView.swift */ = {isa = PBXFileReference; lastKnownFileType = sourcecode.swift; path = ControlsView.swift; sourceTree = "<group>"; };
		8EA769D528005050000A55E9 /* ReportViewTwo.swift */ = {isa = PBXFileReference; lastKnownFileType = sourcecode.swift; path = ReportViewTwo.swift; sourceTree = "<group>"; };
		8EA769D728005089000A55E9 /* ImporterTwo.swift */ = {isa = PBXFileReference; lastKnownFileType = sourcecode.swift; path = ImporterTwo.swift; sourceTree = "<group>"; };
		8EAF72CD27C14DC40005AF09 /* BlankView.swift */ = {isa = PBXFileReference; lastKnownFileType = sourcecode.swift; path = BlankView.swift; sourceTree = "<group>"; };
		8EC231A227C184010084C400 /* ListRowItemView.swift */ = {isa = PBXFileReference; lastKnownFileType = sourcecode.swift; path = ListRowItemView.swift; sourceTree = "<group>"; };
		8EC231A627C18A080084C400 /* CheckboxStyle.swift */ = {isa = PBXFileReference; lastKnownFileType = sourcecode.swift; path = CheckboxStyle.swift; sourceTree = "<group>"; };
		8EC231A827C18D570084C400 /* DetailView.swift */ = {isa = PBXFileReference; lastKnownFileType = sourcecode.swift; path = DetailView.swift; sourceTree = "<group>"; };
		8EC50F1B27E52B7D00EA4BD6 /* HouseComponent.swift */ = {isa = PBXFileReference; lastKnownFileType = sourcecode.swift; path = HouseComponent.swift; sourceTree = "<group>"; };
		8EC7C60F28BA0808003A2C30 /* CreditsComponentView.swift */ = {isa = PBXFileReference; lastKnownFileType = sourcecode.swift; path = CreditsComponentView.swift; sourceTree = "<group>"; };
		8EC7C61128BA09BE003A2C30 /* CreditView.swift */ = {isa = PBXFileReference; lastKnownFileType = sourcecode.swift; path = CreditView.swift; sourceTree = "<group>"; };
		8EEC5CDF27DB3D2000FB3057 /* SliderTransformComponentView.swift */ = {isa = PBXFileReference; lastKnownFileType = sourcecode.swift; path = SliderTransformComponentView.swift; sourceTree = "<group>"; };
		8EEE17C527CCEA0F007B4944 /* SoundPlayer.swift */ = {isa = PBXFileReference; lastKnownFileType = sourcecode.swift; path = SoundPlayer.swift; sourceTree = "<group>"; };
		8EEE17C727CCEBBC007B4944 /* sound-rise.mp3 */ = {isa = PBXFileReference; lastKnownFileType = audio.mp3; path = "sound-rise.mp3"; sourceTree = "<group>"; };
		8EEE17C827CCEBBC007B4944 /* sound-tap.mp3 */ = {isa = PBXFileReference; lastKnownFileType = audio.mp3; path = "sound-tap.mp3"; sourceTree = "<group>"; };
		8EEE17C927CCEBBC007B4944 /* sound-ding.mp3 */ = {isa = PBXFileReference; lastKnownFileType = audio.mp3; path = "sound-ding.mp3"; sourceTree = "<group>"; };
		8EF1575C27EB19060033196E /* SliderSismaComponent.swift */ = {isa = PBXFileReference; lastKnownFileType = sourcecode.swift; path = SliderSismaComponent.swift; sourceTree = "<group>"; };
		8EF1575E27EB1C530033196E /* BadgeSismaComponent.swift */ = {isa = PBXFileReference; lastKnownFileType = sourcecode.swift; path = BadgeSismaComponent.swift; sourceTree = "<group>"; };
		8EF15BB727E1D35100C4B447 /* CertificationView.swift */ = {isa = PBXFileReference; lastKnownFileType = sourcecode.swift; path = CertificationView.swift; sourceTree = "<group>"; };
		8EF15BB927E225A400C4B447 /* SliderConservationComponent.swift */ = {isa = PBXFileReference; lastKnownFileType = sourcecode.swift; path = SliderConservationComponent.swift; sourceTree = "<group>"; };
		8EF15BBB27E24AD600C4B447 /* ButtonComponent.swift */ = {isa = PBXFileReference; lastKnownFileType = sourcecode.swift; path = ButtonComponent.swift; sourceTree = "<group>"; };
/* End PBXFileReference section */

/* Begin PBXFrameworksBuildPhase section */
		8E61BCC827C0E06D002FA3D9 /* Frameworks */ = {
			isa = PBXFrameworksBuildPhase;
			buildActionMask = 2147483647;
			files = (
			);
			runOnlyForDeploymentPostprocessing = 0;
		};
/* End PBXFrameworksBuildPhase section */

/* Begin PBXGroup section */
		8E61BCC227C0E06D002FA3D9 = {
			isa = PBXGroup;
			children = (
				8E078A3527C779F30087DDC7 /* Item+CoreDataClass.swift */,
				8E078A3627C779F30087DDC7 /* Item+CoreDataProperties.swift */,
				8EEC5CDE27DB3CF900FB3057 /* Components */,
				8EEE17CD27CCEBFA007B4944 /* Sound */,
				8E61BCCD27C0E06D002FA3D9 /* StimaCore */,
				8E61BCCC27C0E06D002FA3D9 /* Products */,
			);
			sourceTree = "<group>";
		};
		8E61BCCC27C0E06D002FA3D9 /* Products */ = {
			isa = PBXGroup;
			children = (
				8E61BCCB27C0E06D002FA3D9 /* StimaCore.app */,
			);
			name = Products;
			sourceTree = "<group>";
		};
		8E61BCCD27C0E06D002FA3D9 /* StimaCore */ = {
			isa = PBXGroup;
			children = (
				8E79728C27D9043800F13709 /* Info.plist */,
				8E61BCCE27C0E06D002FA3D9 /* StimaCoreApp.swift */,
				8E61BCE227C0E1FF002FA3D9 /* View */,
				8E61BCE527C0E5E7002FA3D9 /* Model */,
				8E61BCE127C0E1E8002FA3D9 /* Extension */,
				8E61BCE427C0E5C6002FA3D9 /* Style */,
				8E61BCE327C0E5B5002FA3D9 /* Utility */,
				8E61BCD227C0E06F002FA3D9 /* Assets.xcassets */,
				8E61BCD427C0E06F002FA3D9 /* Preview Content */,
			);
			path = StimaCore;
			sourceTree = "<group>";
		};
		8E61BCD427C0E06F002FA3D9 /* Preview Content */ = {
			isa = PBXGroup;
			children = (
				8E61BCD527C0E06F002FA3D9 /* Preview Assets.xcassets */,
			);
			path = "Preview Content";
			sourceTree = "<group>";
		};
		8E61BCE127C0E1E8002FA3D9 /* Extension */ = {
			isa = PBXGroup;
			children = (
				8E353ECF27C1328D0034B2D6 /* HideKeyboardExtension.swift */,
			);
			path = Extension;
			sourceTree = "<group>";
		};
		8E61BCE227C0E1FF002FA3D9 /* View */ = {
			isa = PBXGroup;
			children = (
				8E61BCD027C0E06D002FA3D9 /* ContentView.swift */,
				8E353ED127C141920034B2D6 /* NewTaskItemView.swift */,
				8EAF72CD27C14DC40005AF09 /* BlankView.swift */,
				8EC231A227C184010084C400 /* ListRowItemView.swift */,
				8EC231A827C18D570084C400 /* DetailView.swift */,
				8EA352D127DCA7E400CD8BDD /* ControlsView.swift */,
				8E7007B027C294B300B66886 /* StartValueView.swift */,
				8E8E4E1E27C93D030081CA5A /* ConservationValueView.swift */,
				8E8E4E2027C94D5C0081CA5A /* PositionView.swift */,
				8EF15BB727E1D35100C4B447 /* CertificationView.swift */,
				8EA769D528005050000A55E9 /* ReportViewTwo.swift */,
				8EC7C61128BA09BE003A2C30 /* CreditView.swift */,
			);
			path = View;
			sourceTree = "<group>";
		};
		8E61BCE327C0E5B5002FA3D9 /* Utility */ = {
			isa = PBXGroup;
			children = (
				8E61BCE627C0F7C9002FA3D9 /* Constant.swift */,
				8EEE17C527CCEA0F007B4944 /* SoundPlayer.swift */,
				8EA769D728005089000A55E9 /* ImporterTwo.swift */,
			);
			path = Utility;
			sourceTree = "<group>";
		};
		8E61BCE427C0E5C6002FA3D9 /* Style */ = {
			isa = PBXGroup;
			children = (
				8EC231A627C18A080084C400 /* CheckboxStyle.swift */,
			);
			path = Style;
			sourceTree = "<group>";
		};
		8E61BCE527C0E5E7002FA3D9 /* Model */ = {
			isa = PBXGroup;
			children = (
				8E61BCD727C0E06F002FA3D9 /* Persistence.swift */,
				8E61BCD927C0E06F002FA3D9 /* StimaCore.xcdatamodeld */,
			);
			path = Model;
			sourceTree = "<group>";
		};
		8EEC5CDE27DB3CF900FB3057 /* Components */ = {
			isa = PBXGroup;
			children = (
				8E31170927DBBBAF0036355C /* StepperComponent.swift */,
				8EF1575E27EB1C530033196E /* BadgeSismaComponent.swift */,
				8EC7C60F28BA0808003A2C30 /* CreditsComponentView.swift */,
				8EC50F1B27E52B7D00EA4BD6 /* HouseComponent.swift */,
				8E9025C627EC5ADB009E4BBD /* BarrierBadgeComponent.swift */,
				8E1F865827EDF560001CDE2F /* DismissButtonComponent.swift */,
				8EF15BBB27E24AD600C4B447 /* ButtonComponent.swift */,
				8EF15BB927E225A400C4B447 /* SliderConservationComponent.swift */,
				8EA0889E292240480022A323 /* SliderNewComponentView.swift */,
				8E83CB89288D9543005C0AB9 /* SliderUbicationComponentView.swift */,
				8E83CB8B288D9A4D005C0AB9 /* SliderExpoComponentView.swift */,
				8E83CB8D288D9CFF005C0AB9 /* SliderAccessComponentView.swift */,
				8EEC5CDF27DB3D2000FB3057 /* SliderTransformComponentView.swift */,
				8E62EAE727EA42B500243986 /* SliderEnergyComponentView.swift */,
				8EF1575C27EB19060033196E /* SliderSismaComponent.swift */,
				8E9025C827EC5DD3009E4BBD /* SliderBarrierComponent.swift */,
				8E726028280993AC00D72572 /* PageTextComponentView.swift */,
			);
			path = Components;
			sourceTree = "<group>";
		};
		8EEE17CD27CCEBFA007B4944 /* Sound */ = {
			isa = PBXGroup;
			children = (
				8EEE17C927CCEBBC007B4944 /* sound-ding.mp3 */,
				8EEE17C827CCEBBC007B4944 /* sound-tap.mp3 */,
				8EEE17C727CCEBBC007B4944 /* sound-rise.mp3 */,
			);
			path = Sound;
			sourceTree = "<group>";
		};
/* End PBXGroup section */

/* Begin PBXNativeTarget section */
		8E61BCCA27C0E06D002FA3D9 /* StimaCore */ = {
			isa = PBXNativeTarget;
			buildConfigurationList = 8E61BCDE27C0E070002FA3D9 /* Build configuration list for PBXNativeTarget "StimaCore" */;
			buildPhases = (
				8E61BCC727C0E06D002FA3D9 /* Sources */,
				8E61BCC827C0E06D002FA3D9 /* Frameworks */,
				8E61BCC927C0E06D002FA3D9 /* Resources */,
			);
			buildRules = (
			);
			dependencies = (
			);
			name = StimaCore;
			productName = StimaCore;
			productReference = 8E61BCCB27C0E06D002FA3D9 /* StimaCore.app */;
			productType = "com.apple.product-type.application";
		};
/* End PBXNativeTarget section */

/* Begin PBXProject section */
		8E61BCC327C0E06D002FA3D9 /* Project object */ = {
			isa = PBXProject;
			attributes = {
				BuildIndependentTargetsInParallel = 1;
				LastSwiftUpdateCheck = 1320;
				LastUpgradeCheck = 1320;
				TargetAttributes = {
					8E61BCCA27C0E06D002FA3D9 = {
						CreatedOnToolsVersion = 13.2.1;
					};
				};
			};
			buildConfigurationList = 8E61BCC627C0E06D002FA3D9 /* Build configuration list for PBXProject "StimaCore" */;
			compatibilityVersion = "Xcode 13.0";
			developmentRegion = en;
			hasScannedForEncodings = 0;
			knownRegions = (
				en,
				Base,
			);
			mainGroup = 8E61BCC227C0E06D002FA3D9;
			productRefGroup = 8E61BCCC27C0E06D002FA3D9 /* Products */;
			projectDirPath = "";
			projectRoot = "";
			targets = (
				8E61BCCA27C0E06D002FA3D9 /* StimaCore */,
			);
		};
/* End PBXProject section */

/* Begin PBXResourcesBuildPhase section */
		8E61BCC927C0E06D002FA3D9 /* Resources */ = {
			isa = PBXResourcesBuildPhase;
			buildActionMask = 2147483647;
			files = (
				8EEE17CC27CCEBBC007B4944 /* sound-ding.mp3 in Resources */,
				8EEE17CA27CCEBBC007B4944 /* sound-rise.mp3 in Resources */,
				8E61BCD627C0E06F002FA3D9 /* Preview Assets.xcassets in Resources */,
				8EEE17CB27CCEBBC007B4944 /* sound-tap.mp3 in Resources */,
				8E61BCD327C0E06F002FA3D9 /* Assets.xcassets in Resources */,
			);
			runOnlyForDeploymentPostprocessing = 0;
		};
/* End PBXResourcesBuildPhase section */

/* Begin PBXSourcesBuildPhase section */
		8E61BCC727C0E06D002FA3D9 /* Sources */ = {
			isa = PBXSourcesBuildPhase;
			buildActionMask = 2147483647;
			files = (
				8E078A3827C779F30087DDC7 /* Item+CoreDataProperties.swift in Sources */,
				8EC231A327C184010084C400 /* ListRowItemView.swift in Sources */,
				8E31170A27DBBBAF0036355C /* StepperComponent.swift in Sources */,
				8EF1575D27EB19060033196E /* SliderSismaComponent.swift in Sources */,
				8E7007B127C294B300B66886 /* StartValueView.swift in Sources */,
				8EC7C61228BA09BE003A2C30 /* CreditView.swift in Sources */,
				8E353ED227C141920034B2D6 /* NewTaskItemView.swift in Sources */,
				8E83CB8C288D9A4D005C0AB9 /* SliderExpoComponentView.swift in Sources */,
				8E1F865927EDF560001CDE2F /* DismissButtonComponent.swift in Sources */,
				8E9025C927EC5DD3009E4BBD /* SliderBarrierComponent.swift in Sources */,
				8EF15BBA27E225A400C4B447 /* SliderConservationComponent.swift in Sources */,
				8EF1575F27EB1C530033196E /* BadgeSismaComponent.swift in Sources */,
				8E8E4E2127C94D5C0081CA5A /* PositionView.swift in Sources */,
				8EA352D227DCA7E400CD8BDD /* ControlsView.swift in Sources */,
				8E8E4E1F27C93D030081CA5A /* ConservationValueView.swift in Sources */,
				8EC7C61028BA0808003A2C30 /* CreditsComponentView.swift in Sources */,
				8E61BCD827C0E06F002FA3D9 /* Persistence.swift in Sources */,
				8E078A3727C779F30087DDC7 /* Item+CoreDataClass.swift in Sources */,
				8EA769D82800508A000A55E9 /* ImporterTwo.swift in Sources */,
				8EC50F1C27E52B7D00EA4BD6 /* HouseComponent.swift in Sources */,
				8E61BCDB27C0E06F002FA3D9 /* StimaCore.xcdatamodeld in Sources */,
				8E83CB8A288D9543005C0AB9 /* SliderUbicationComponentView.swift in Sources */,
				8E353ED027C1328D0034B2D6 /* HideKeyboardExtension.swift in Sources */,
				8EC231A927C18D570084C400 /* DetailView.swift in Sources */,
				8E83CB8E288D9CFF005C0AB9 /* SliderAccessComponentView.swift in Sources */,
				8E61BCE727C0F7C9002FA3D9 /* Constant.swift in Sources */,
				8EF15BBC27E24AD600C4B447 /* ButtonComponent.swift in Sources */,
				8EAF72CE27C14DC40005AF09 /* BlankView.swift in Sources */,
				8E61BCD127C0E06D002FA3D9 /* ContentView.swift in Sources */,
				8EC231A727C18A080084C400 /* CheckboxStyle.swift in Sources */,
				8E62EAE827EA42B500243986 /* SliderEnergyComponentView.swift in Sources */,
				8EA769D628005051000A55E9 /* ReportViewTwo.swift in Sources */,
				8E726029280993AC00D72572 /* PageTextComponentView.swift in Sources */,
				8E9025C727EC5ADB009E4BBD /* BarrierBadgeComponent.swift in Sources */,
				8EF15BB827E1D35100C4B447 /* CertificationView.swift in Sources */,
				8EEE17C627CCEA0F007B4944 /* SoundPlayer.swift in Sources */,
				8EA0889F292240480022A323 /* SliderNewComponentView.swift in Sources */,
				8EEC5CE027DB3D2000FB3057 /* SliderTransformComponentView.swift in Sources */,
				8E61BCCF27C0E06D002FA3D9 /* StimaCoreApp.swift in Sources */,
			);
			runOnlyForDeploymentPostprocessing = 0;
		};
/* End PBXSourcesBuildPhase section */

/* Begin XCBuildConfiguration section */
		8E61BCDC27C0E06F002FA3D9 /* Debug */ = {
			isa = XCBuildConfiguration;
			buildSettings = {
				ALWAYS_SEARCH_USER_PATHS = NO;
				CLANG_ANALYZER_NONNULL = YES;
				CLANG_ANALYZER_NUMBER_OBJECT_CONVERSION = YES_AGGRESSIVE;
				CLANG_CXX_LANGUAGE_STANDARD = "gnu++17";
				CLANG_CXX_LIBRARY = "libc++";
				CLANG_ENABLE_MODULES = YES;
				CLANG_ENABLE_OBJC_ARC = YES;
				CLANG_ENABLE_OBJC_WEAK = YES;
				CLANG_WARN_BLOCK_CAPTURE_AUTORELEASING = YES;
				CLANG_WARN_BOOL_CONVERSION = YES;
				CLANG_WARN_COMMA = YES;
				CLANG_WARN_CONSTANT_CONVERSION = YES;
				CLANG_WARN_DEPRECATED_OBJC_IMPLEMENTATIONS = YES;
				CLANG_WARN_DIRECT_OBJC_ISA_USAGE = YES_ERROR;
				CLANG_WARN_DOCUMENTATION_COMMENTS = YES;
				CLANG_WARN_EMPTY_BODY = YES;
				CLANG_WARN_ENUM_CONVERSION = YES;
				CLANG_WARN_INFINITE_RECURSION = YES;
				CLANG_WARN_INT_CONVERSION = YES;
				CLANG_WARN_NON_LITERAL_NULL_CONVERSION = YES;
				CLANG_WARN_OBJC_IMPLICIT_RETAIN_SELF = YES;
				CLANG_WARN_OBJC_LITERAL_CONVERSION = YES;
				CLANG_WARN_OBJC_ROOT_CLASS = YES_ERROR;
				CLANG_WARN_QUOTED_INCLUDE_IN_FRAMEWORK_HEADER = YES;
				CLANG_WARN_RANGE_LOOP_ANALYSIS = YES;
				CLANG_WARN_STRICT_PROTOTYPES = YES;
				CLANG_WARN_SUSPICIOUS_MOVE = YES;
				CLANG_WARN_UNGUARDED_AVAILABILITY = YES_AGGRESSIVE;
				CLANG_WARN_UNREACHABLE_CODE = YES;
				CLANG_WARN__DUPLICATE_METHOD_MATCH = YES;
				COPY_PHASE_STRIP = NO;
				DEBUG_INFORMATION_FORMAT = dwarf;
				ENABLE_STRICT_OBJC_MSGSEND = YES;
				ENABLE_TESTABILITY = YES;
				GCC_C_LANGUAGE_STANDARD = gnu11;
				GCC_DYNAMIC_NO_PIC = NO;
				GCC_NO_COMMON_BLOCKS = YES;
				GCC_OPTIMIZATION_LEVEL = 0;
				GCC_PREPROCESSOR_DEFINITIONS = (
					"DEBUG=1",
					"$(inherited)",
				);
				GCC_WARN_64_TO_32_BIT_CONVERSION = YES;
				GCC_WARN_ABOUT_RETURN_TYPE = YES_ERROR;
				GCC_WARN_UNDECLARED_SELECTOR = YES;
				GCC_WARN_UNINITIALIZED_AUTOS = YES_AGGRESSIVE;
				GCC_WARN_UNUSED_FUNCTION = YES;
				GCC_WARN_UNUSED_VARIABLE = YES;
				IPHONEOS_DEPLOYMENT_TARGET = 15.2;
				MTL_ENABLE_DEBUG_INFO = INCLUDE_SOURCE;
				MTL_FAST_MATH = YES;
				ONLY_ACTIVE_ARCH = YES;
				SDKROOT = iphoneos;
				SWIFT_ACTIVE_COMPILATION_CONDITIONS = DEBUG;
				SWIFT_OPTIMIZATION_LEVEL = "-Onone";
			};
			name = Debug;
		};
		8E61BCDD27C0E070002FA3D9 /* Release */ = {
			isa = XCBuildConfiguration;
			buildSettings = {
				ALWAYS_SEARCH_USER_PATHS = NO;
				CLANG_ANALYZER_NONNULL = YES;
				CLANG_ANALYZER_NUMBER_OBJECT_CONVERSION = YES_AGGRESSIVE;
				CLANG_CXX_LANGUAGE_STANDARD = "gnu++17";
				CLANG_CXX_LIBRARY = "libc++";
				CLANG_ENABLE_MODULES = YES;
				CLANG_ENABLE_OBJC_ARC = YES;
				CLANG_ENABLE_OBJC_WEAK = YES;
				CLANG_WARN_BLOCK_CAPTURE_AUTORELEASING = YES;
				CLANG_WARN_BOOL_CONVERSION = YES;
				CLANG_WARN_COMMA = YES;
				CLANG_WARN_CONSTANT_CONVERSION = YES;
				CLANG_WARN_DEPRECATED_OBJC_IMPLEMENTATIONS = YES;
				CLANG_WARN_DIRECT_OBJC_ISA_USAGE = YES_ERROR;
				CLANG_WARN_DOCUMENTATION_COMMENTS = YES;
				CLANG_WARN_EMPTY_BODY = YES;
				CLANG_WARN_ENUM_CONVERSION = YES;
				CLANG_WARN_INFINITE_RECURSION = YES;
				CLANG_WARN_INT_CONVERSION = YES;
				CLANG_WARN_NON_LITERAL_NULL_CONVERSION = YES;
				CLANG_WARN_OBJC_IMPLICIT_RETAIN_SELF = YES;
				CLANG_WARN_OBJC_LITERAL_CONVERSION = YES;
				CLANG_WARN_OBJC_ROOT_CLASS = YES_ERROR;
				CLANG_WARN_QUOTED_INCLUDE_IN_FRAMEWORK_HEADER = YES;
				CLANG_WARN_RANGE_LOOP_ANALYSIS = YES;
				CLANG_WARN_STRICT_PROTOTYPES = YES;
				CLANG_WARN_SUSPICIOUS_MOVE = YES;
				CLANG_WARN_UNGUARDED_AVAILABILITY = YES_AGGRESSIVE;
				CLANG_WARN_UNREACHABLE_CODE = YES;
				CLANG_WARN__DUPLICATE_METHOD_MATCH = YES;
				COPY_PHASE_STRIP = NO;
				DEBUG_INFORMATION_FORMAT = "dwarf-with-dsym";
				ENABLE_NS_ASSERTIONS = NO;
				ENABLE_STRICT_OBJC_MSGSEND = YES;
				GCC_C_LANGUAGE_STANDARD = gnu11;
				GCC_NO_COMMON_BLOCKS = YES;
				GCC_WARN_64_TO_32_BIT_CONVERSION = YES;
				GCC_WARN_ABOUT_RETURN_TYPE = YES_ERROR;
				GCC_WARN_UNDECLARED_SELECTOR = YES;
				GCC_WARN_UNINITIALIZED_AUTOS = YES_AGGRESSIVE;
				GCC_WARN_UNUSED_FUNCTION = YES;
				GCC_WARN_UNUSED_VARIABLE = YES;
				IPHONEOS_DEPLOYMENT_TARGET = 15.2;
				MTL_ENABLE_DEBUG_INFO = NO;
				MTL_FAST_MATH = YES;
				SDKROOT = iphoneos;
				SWIFT_COMPILATION_MODE = wholemodule;
				SWIFT_OPTIMIZATION_LEVEL = "-O";
				VALIDATE_PRODUCT = YES;
			};
			name = Release;
		};
		8E61BCDF27C0E070002FA3D9 /* Debug */ = {
			isa = XCBuildConfiguration;
			buildSettings = {
				ASSETCATALOG_COMPILER_APPICON_NAME = AppIcon;
				ASSETCATALOG_COMPILER_GLOBAL_ACCENT_COLOR_NAME = AccentColor;
				CODE_SIGN_STYLE = Automatic;
				CURRENT_PROJECT_VERSION = 1;
				DEVELOPMENT_ASSET_PATHS = "\"StimaCore/Preview Content\"";
				DEVELOPMENT_TEAM = GM375A4SLS;
				ENABLE_PREVIEWS = YES;
				GENERATE_INFOPLIST_FILE = YES;
				INFOPLIST_FILE = StimaCore/Info.plist;
				INFOPLIST_KEY_UIApplicationSceneManifest_Generation = YES;
				INFOPLIST_KEY_UIApplicationSupportsIndirectInputEvents = YES;
				INFOPLIST_KEY_UISupportedInterfaceOrientations = UIInterfaceOrientationPortrait;
				INFOPLIST_KEY_UISupportedInterfaceOrientations_iPad = "UIInterfaceOrientationPortrait UIInterfaceOrientationPortraitUpsideDown UIInterfaceOrientationLandscapeLeft UIInterfaceOrientationLandscapeRight";
				INFOPLIST_KEY_UISupportedInterfaceOrientations_iPhone = "UIInterfaceOrientationPortrait UIInterfaceOrientationLandscapeLeft UIInterfaceOrientationLandscapeRight";
				LD_RUNPATH_SEARCH_PATHS = (
					"$(inherited)",
					"@executable_path/Frameworks",
				);
				MARKETING_VERSION = 1.1;
				PRODUCT_BUNDLE_IDENTIFIER = Toredessena.StimaCore;
				PRODUCT_NAME = "$(TARGET_NAME)";
				SWIFT_EMIT_LOC_STRINGS = YES;
				SWIFT_VERSION = 5.0;
				TARGETED_DEVICE_FAMILY = "1,2";
			};
			name = Debug;
		};
		8E61BCE027C0E070002FA3D9 /* Release */ = {
			isa = XCBuildConfiguration;
			buildSettings = {
				ASSETCATALOG_COMPILER_APPICON_NAME = AppIcon;
				ASSETCATALOG_COMPILER_GLOBAL_ACCENT_COLOR_NAME = AccentColor;
				CODE_SIGN_STYLE = Automatic;
				CURRENT_PROJECT_VERSION = 1;
				DEVELOPMENT_ASSET_PATHS = "\"StimaCore/Preview Content\"";
				DEVELOPMENT_TEAM = GM375A4SLS;
				ENABLE_PREVIEWS = YES;
				GENERATE_INFOPLIST_FILE = YES;
				INFOPLIST_FILE = StimaCore/Info.plist;
				INFOPLIST_KEY_UIApplicationSceneManifest_Generation = YES;
				INFOPLIST_KEY_UIApplicationSupportsIndirectInputEvents = YES;
				INFOPLIST_KEY_UISupportedInterfaceOrientations = UIInterfaceOrientationPortrait;
				INFOPLIST_KEY_UISupportedInterfaceOrientations_iPad = "UIInterfaceOrientationPortrait UIInterfaceOrientationPortraitUpsideDown UIInterfaceOrientationLandscapeLeft UIInterfaceOrientationLandscapeRight";
				INFOPLIST_KEY_UISupportedInterfaceOrientations_iPhone = "UIInterfaceOrientationPortrait UIInterfaceOrientationLandscapeLeft UIInterfaceOrientationLandscapeRight";
				LD_RUNPATH_SEARCH_PATHS = (
					"$(inherited)",
					"@executable_path/Frameworks",
				);
				MARKETING_VERSION = 1.1;
				PRODUCT_BUNDLE_IDENTIFIER = Toredessena.StimaCore;
				PRODUCT_NAME = "$(TARGET_NAME)";
				SWIFT_EMIT_LOC_STRINGS = YES;
				SWIFT_VERSION = 5.0;
				TARGETED_DEVICE_FAMILY = "1,2";
			};
			name = Release;
		};
/* End XCBuildConfiguration section */

/* Begin XCConfigurationList section */
		8E61BCC627C0E06D002FA3D9 /* Build configuration list for PBXProject "StimaCore" */ = {
			isa = XCConfigurationList;
			buildConfigurations = (
				8E61BCDC27C0E06F002FA3D9 /* Debug */,
				8E61BCDD27C0E070002FA3D9 /* Release */,
			);
			defaultConfigurationIsVisible = 0;
			defaultConfigurationName = Release;
		};
		8E61BCDE27C0E070002FA3D9 /* Build configuration list for PBXNativeTarget "StimaCore" */ = {
			isa = XCConfigurationList;
			buildConfigurations = (
				8E61BCDF27C0E070002FA3D9 /* Debug */,
				8E61BCE027C0E070002FA3D9 /* Release */,
			);
			defaultConfigurationIsVisible = 0;
			defaultConfigurationName = Release;
		};
/* End XCConfigurationList section */

/* Begin XCVersionGroup section */
		8E61BCD927C0E06F002FA3D9 /* StimaCore.xcdatamodeld */ = {
			isa = XCVersionGroup;
			children = (
				8E61BCDA27C0E06F002FA3D9 /* StimaCore.xcdatamodel */,
			);
			currentVersion = 8E61BCDA27C0E06F002FA3D9 /* StimaCore.xcdatamodel */;
			path = StimaCore.xcdatamodeld;
			sourceTree = "<group>";
			versionGroupType = wrapper.xcdatamodel;
		};
/* End XCVersionGroup section */
	};
	rootObject = 8E61BCC327C0E06D002FA3D9 /* Project object */;
}
